
Microsoft Visual Studio Solution File, Format Version 12.00
# Visual Studio Version 17
VisualStudioVersion = 17.6.33815.320
MinimumVisualStudioVersion = 10.0.40219.1
Project("{FAE04EC0-301F-11D3-BF4B-00C04F79EFBC}") = "TaskForPayPing", "TaskForPayPing.csproj", "{CEF1823D-64D6-4792-A41F-D5CC437F6E1E}"
EndProject
Global
	GlobalSection(SolutionConfigurationPlatforms) = preSolution
		Debug|Any CPU = Debug|Any CPU
		Release|Any CPU = Release|Any CPU
	EndGlobalSection
	GlobalSection(ProjectConfigurationPlatforms) = postSolution
		{CEF1823D-64D6-4792-A41F-D5CC437F6E1E}.Debug|Any CPU.ActiveCfg = Debug|Any CPU
		{CEF1823D-64D6-4792-A41F-D5CC437F6E1E}.Debug|Any CPU.Build.0 = Debug|Any CPU
		{CEF1823D-64D6-4792-A41F-D5CC437F6E1E}.Release|Any CPU.ActiveCfg = Release|Any CPU
		{CEF1823D-64D6-4792-A41F-D5CC437F6E1E}.Release|Any CPU.Build.0 = Release|Any CPU
	EndGlobalSection
	GlobalSection(SolutionProperties) = preSolution
		HideSolutionNode = FALSE
	EndGlobalSection
	GlobalSection(ExtensibilityGlobals) = postSolution
		SolutionGuid = {A37EF8AB-4D7C-4114-B8C5-9BBB2BE1516A}
	EndGlobalSection
EndGlobal
